
Microsoft Visual Studio Solution File, Format Version 12.00
# Visual Studio Version 17
VisualStudioVersion = 17.7.34018.315
MinimumVisualStudioVersion = 10.0.40219.1
Project("{FAE04EC0-301F-11D3-BF4B-00C04F79EFBC}") = "discoverdotnet8", "discoverdotnet8\discoverdotnet8.csproj", "{FAFCEA8D-826E-4610-A0ED-EA8D32E13EA7}"
EndProject
Global
	GlobalSection(SolutionConfigurationPlatforms) = preSolution
		Debug|Any CPU = Debug|Any CPU
		Release|Any CPU = Release|Any CPU
	EndGlobalSection
	GlobalSection(ProjectConfigurationPlatforms) = postSolution
		{FAFCEA8D-826E-4610-A0ED-EA8D32E13EA7}.Debug|Any CPU.ActiveCfg = Debug|Any CPU
		{FAFCEA8D-826E-4610-A0ED-EA8D32E13EA7}.Debug|Any CPU.Build.0 = Debug|Any CPU
		{FAFCEA8D-826E-4610-A0ED-EA8D32E13EA7}.Release|Any CPU.ActiveCfg = Release|Any CPU
		{FAFCEA8D-826E-4610-A0ED-EA8D32E13EA7}.Release|Any CPU.Build.0 = Release|Any CPU
	EndGlobalSection
	GlobalSection(SolutionProperties) = preSolution
		HideSolutionNode = FALSE
	EndGlobalSection
	GlobalSection(ExtensibilityGlobals) = postSolution
		SolutionGuid = {35B0ACC3-9F70-44B5-B3D0-688416161927}
	EndGlobalSection
EndGlobal
