
Microsoft Visual Studio Solution File, Format Version 12.00
# Visual Studio Version 17
VisualStudioVersion = 17.13.35828.75 d17.13
MinimumVisualStudioVersion = 10.0.40219.1
Project("{FAE04EC0-301F-11D3-BF4B-00C04F79EFBC}") = "TestAccessOpenIA", "TestAccessOpenIA\TestAccessOpenIA.csproj", "{C27E5185-78DF-4493-8E77-57422A160251}"
EndProject
Project("{FAE04EC0-301F-11D3-BF4B-00C04F79EFBC}") = "TestWebApiDotnet9AI", "TestWebApiDotnet9AI\TestWebApiDotnet9AI.csproj", "{11CCCF6E-99ED-4884-98F0-1F6273ECCCCC}"
EndProject
Global
	GlobalSection(SolutionConfigurationPlatforms) = preSolution
		Debug|Any CPU = Debug|Any CPU
		Release|Any CPU = Release|Any CPU
	EndGlobalSection
	GlobalSection(ProjectConfigurationPlatforms) = postSolution
		{C27E5185-78DF-4493-8E77-57422A160251}.Debug|Any CPU.ActiveCfg = Debug|Any CPU
		{C27E5185-78DF-4493-8E77-57422A160251}.Debug|Any CPU.Build.0 = Debug|Any CPU
		{C27E5185-78DF-4493-8E77-57422A160251}.Release|Any CPU.ActiveCfg = Release|Any CPU
		{C27E5185-78DF-4493-8E77-57422A160251}.Release|Any CPU.Build.0 = Release|Any CPU
		{11CCCF6E-99ED-4884-98F0-1F6273ECCCCC}.Debug|Any CPU.ActiveCfg = Debug|Any CPU
		{11CCCF6E-99ED-4884-98F0-1F6273ECCCCC}.Debug|Any CPU.Build.0 = Debug|Any CPU
		{11CCCF6E-99ED-4884-98F0-1F6273ECCCCC}.Release|Any CPU.ActiveCfg = Release|Any CPU
		{11CCCF6E-99ED-4884-98F0-1F6273ECCCCC}.Release|Any CPU.Build.0 = Release|Any CPU
	EndGlobalSection
	GlobalSection(SolutionProperties) = preSolution
		HideSolutionNode = FALSE
	EndGlobalSection
	GlobalSection(ExtensibilityGlobals) = postSolution
		SolutionGuid = {87B07495-2C4F-4B32-B651-C70AFF7D5D6C}
	EndGlobalSection
EndGlobal
