
Microsoft Visual Studio Solution File, Format Version 12.00
# Visual Studio Version 17
VisualStudioVersion = 17.13.35828.75 d17.13
MinimumVisualStudioVersion = 10.0.40219.1
Project("{FAE04EC0-301F-11D3-BF4B-00C04F79EFBC}") = "DiscoverCSharp13", "DiscoverCSharp13\DiscoverCSharp13.csproj", "{48A715B0-65CB-4905-9800-9C432EBF1159}"
EndProject
Global
	GlobalSection(SolutionConfigurationPlatforms) = preSolution
		Debug|Any CPU = Debug|Any CPU
		Release|Any CPU = Release|Any CPU
	EndGlobalSection
	GlobalSection(ProjectConfigurationPlatforms) = postSolution
		{48A715B0-65CB-4905-9800-9C432EBF1159}.Debug|Any CPU.ActiveCfg = Debug|Any CPU
		{48A715B0-65CB-4905-9800-9C432EBF1159}.Debug|Any CPU.Build.0 = Debug|Any CPU
		{48A715B0-65CB-4905-9800-9C432EBF1159}.Release|Any CPU.ActiveCfg = Release|Any CPU
		{48A715B0-65CB-4905-9800-9C432EBF1159}.Release|Any CPU.Build.0 = Release|Any CPU
	EndGlobalSection
	GlobalSection(SolutionProperties) = preSolution
		HideSolutionNode = FALSE
	EndGlobalSection
	GlobalSection(ExtensibilityGlobals) = postSolution
		SolutionGuid = {3EF15F2D-8EA8-416A-BD0B-755587191F01}
	EndGlobalSection
EndGlobal
